
Microsoft Visual Studio Solution File, Format Version 12.00
# Visual Studio 2012
Project("{8BC9CEB8-8B4A-11D0-8D11-00A0C91BC942}") = "aim_engine_v1_00_a", "aim_engine_v1_00_a.vcxproj", "{55C76558-FDA8-406A-B4EC-32C77E0F3040}"
EndProject
Global
	GlobalSection(SolutionConfigurationPlatforms) = preSolution
		Debug|Win32 = Debug|Win32
		Release|Win32 = Release|Win32
	EndGlobalSection
	GlobalSection(ProjectConfigurationPlatforms) = postSolution
		{55C76558-FDA8-406A-B4EC-32C77E0F3040}.Debug|Win32.ActiveCfg = Debug|Win32
		{55C76558-FDA8-406A-B4EC-32C77E0F3040}.Debug|Win32.Build.0 = Debug|Win32
		{55C76558-FDA8-406A-B4EC-32C77E0F3040}.Release|Win32.ActiveCfg = Release|Win32
		{55C76558-FDA8-406A-B4EC-32C77E0F3040}.Release|Win32.Build.0 = Release|Win32
	EndGlobalSection
	GlobalSection(SolutionProperties) = preSolution
		HideSolutionNode = FALSE
	EndGlobalSection
EndGlobal
